// !$*UTF8*$!
{
	archiveVersion = 1;
	classes = {
	};
	objectVersion = 50;
	objects = {

/* Begin PBXBuildFile section */
		7FEEEE8C910688C796839194 /* libPods-RecipyFinal.a in Frameworks */ = {isa = PBXBuildFile; fileRef = 0F384E3B1A76188A1D24AA78 /* libPods-RecipyFinal.a */; };
		833A834A258314830059B9D8 /* AppDelegate.swift in Sources */ = {isa = PBXBuildFile; fileRef = 833A8349258314830059B9D8 /* AppDelegate.swift */; };
		833A834C258314830059B9D8 /* SceneDelegate.swift in Sources */ = {isa = PBXBuildFile; fileRef = 833A834B258314830059B9D8 /* SceneDelegate.swift */; };
		833A834E258314830059B9D8 /* ViewController.swift in Sources */ = {isa = PBXBuildFile; fileRef = 833A834D258314830059B9D8 /* ViewController.swift */; };
		833A8351258314830059B9D8 /* Main.storyboard in Resources */ = {isa = PBXBuildFile; fileRef = 833A834F258314830059B9D8 /* Main.storyboard */; };
		833A8353258314850059B9D8 /* Assets.xcassets in Resources */ = {isa = PBXBuildFile; fileRef = 833A8352258314850059B9D8 /* Assets.xcassets */; };
		833A8356258314850059B9D8 /* LaunchScreen.storyboard in Resources */ = {isa = PBXBuildFile; fileRef = 833A8354258314850059B9D8 /* LaunchScreen.storyboard */; };
		833A836425832A940059B9D8 /* LandingViewController.swift in Sources */ = {isa = PBXBuildFile; fileRef = 833A836325832A940059B9D8 /* LandingViewController.swift */; };
		833A836D25832F5A0059B9D8 /* Quicksand-Bold.ttf in Resources */ = {isa = PBXBuildFile; fileRef = 833A836825832F5A0059B9D8 /* Quicksand-Bold.ttf */; };
		833A836E25832F5A0059B9D8 /* Quicksand-Medium.ttf in Resources */ = {isa = PBXBuildFile; fileRef = 833A836925832F5A0059B9D8 /* Quicksand-Medium.ttf */; };
		833A836F25832F5A0059B9D8 /* Quicksand-Regular.ttf in Resources */ = {isa = PBXBuildFile; fileRef = 833A836A25832F5A0059B9D8 /* Quicksand-Regular.ttf */; };
		833A837025832F5A0059B9D8 /* Quicksand-SemiBold.ttf in Resources */ = {isa = PBXBuildFile; fileRef = 833A836B25832F5A0059B9D8 /* Quicksand-SemiBold.ttf */; };
		833A837125832F5A0059B9D8 /* Quicksand-Light.ttf in Resources */ = {isa = PBXBuildFile; fileRef = 833A836C25832F5A0059B9D8 /* Quicksand-Light.ttf */; };
		833A837925833CD40059B9D8 /* LogInViewController.swift in Sources */ = {isa = PBXBuildFile; fileRef = 833A8373258335E20059B9D8 /* LogInViewController.swift */; };
		833A837C258349550059B9D8 /* SignUpViewController.swift in Sources */ = {isa = PBXBuildFile; fileRef = 833A837B258349550059B9D8 /* SignUpViewController.swift */; };
/* End PBXBuildFile section */

/* Begin PBXFileReference section */
		0F384E3B1A76188A1D24AA78 /* libPods-RecipyFinal.a */ = {isa = PBXFileReference; explicitFileType = archive.ar; includeInIndex = 0; path = "libPods-RecipyFinal.a"; sourceTree = BUILT_PRODUCTS_DIR; };
		833A8346258314830059B9D8 /* RecipyFinal.app */ = {isa = PBXFileReference; explicitFileType = wrapper.application; includeInIndex = 0; path = RecipyFinal.app; sourceTree = BUILT_PRODUCTS_DIR; };
		833A8349258314830059B9D8 /* AppDelegate.swift */ = {isa = PBXFileReference; lastKnownFileType = sourcecode.swift; path = AppDelegate.swift; sourceTree = "<group>"; };
		833A834B258314830059B9D8 /* SceneDelegate.swift */ = {isa = PBXFileReference; lastKnownFileType = sourcecode.swift; path = SceneDelegate.swift; sourceTree = "<group>"; };
		833A834D258314830059B9D8 /* ViewController.swift */ = {isa = PBXFileReference; lastKnownFileType = sourcecode.swift; path = ViewController.swift; sourceTree = "<group>"; };
		833A8350258314830059B9D8 /* Base */ = {isa = PBXFileReference; lastKnownFileType = file.storyboard; name = Base; path = Base.lproj/Main.storyboard; sourceTree = "<group>"; };
		833A8352258314850059B9D8 /* Assets.xcassets */ = {isa = PBXFileReference; lastKnownFileType = folder.assetcatalog; path = Assets.xcassets; sourceTree = "<group>"; };
		833A8355258314850059B9D8 /* Base */ = {isa = PBXFileReference; lastKnownFileType = file.storyboard; name = Base; path = Base.lproj/LaunchScreen.storyboard; sourceTree = "<group>"; };
		833A8357258314850059B9D8 /* Info.plist */ = {isa = PBXFileReference; lastKnownFileType = text.plist.xml; path = Info.plist; sourceTree = "<group>"; };
		833A836325832A940059B9D8 /* LandingViewController.swift */ = {isa = PBXFileReference; lastKnownFileType = sourcecode.swift; path = LandingViewController.swift; sourceTree = "<group>"; };
		833A836825832F5A0059B9D8 /* Quicksand-Bold.ttf */ = {isa = PBXFileReference; lastKnownFileType = file; path = "Quicksand-Bold.ttf"; sourceTree = "<group>"; };
		833A836925832F5A0059B9D8 /* Quicksand-Medium.ttf */ = {isa = PBXFileReference; lastKnownFileType = file; path = "Quicksand-Medium.ttf"; sourceTree = "<group>"; };
		833A836A25832F5A0059B9D8 /* Quicksand-Regular.ttf */ = {isa = PBXFileReference; lastKnownFileType = file; path = "Quicksand-Regular.ttf"; sourceTree = "<group>"; };
		833A836B25832F5A0059B9D8 /* Quicksand-SemiBold.ttf */ = {isa = PBXFileReference; lastKnownFileType = file; path = "Quicksand-SemiBold.ttf"; sourceTree = "<group>"; };
		833A836C25832F5A0059B9D8 /* Quicksand-Light.ttf */ = {isa = PBXFileReference; lastKnownFileType = file; path = "Quicksand-Light.ttf"; sourceTree = "<group>"; };
		833A8373258335E20059B9D8 /* LogInViewController.swift */ = {isa = PBXFileReference; lastKnownFileType = sourcecode.swift; path = LogInViewController.swift; sourceTree = "<group>"; };
		833A837B258349550059B9D8 /* SignUpViewController.swift */ = {isa = PBXFileReference; lastKnownFileType = sourcecode.swift; path = SignUpViewController.swift; sourceTree = "<group>"; };
		E07A03433F8822B75C720CBD /* Pods-RecipyFinal.release.xcconfig */ = {isa = PBXFileReference; includeInIndex = 1; lastKnownFileType = text.xcconfig; name = "Pods-RecipyFinal.release.xcconfig"; path = "Target Support Files/Pods-RecipyFinal/Pods-RecipyFinal.release.xcconfig"; sourceTree = "<group>"; };
		FDCB6DD6445699F00DFF4EA8 /* Pods-RecipyFinal.debug.xcconfig */ = {isa = PBXFileReference; includeInIndex = 1; lastKnownFileType = text.xcconfig; name = "Pods-RecipyFinal.debug.xcconfig"; path = "Target Support Files/Pods-RecipyFinal/Pods-RecipyFinal.debug.xcconfig"; sourceTree = "<group>"; };
/* End PBXFileReference section */

/* Begin PBXFrameworksBuildPhase section */
		833A8343258314830059B9D8 /* Frameworks */ = {
			isa = PBXFrameworksBuildPhase;
			buildActionMask = 2147483647;
			files = (
				7FEEEE8C910688C796839194 /* libPods-RecipyFinal.a in Frameworks */,
			);
			runOnlyForDeploymentPostprocessing = 0;
		};
/* End PBXFrameworksBuildPhase section */

/* Begin PBXGroup section */
		697677C7BA586EC40831324E /* Frameworks */ = {
			isa = PBXGroup;
			children = (
				0F384E3B1A76188A1D24AA78 /* libPods-RecipyFinal.a */,
			);
			name = Frameworks;
			sourceTree = "<group>";
		};
		833A833D258314830059B9D8 = {
			isa = PBXGroup;
			children = (
				833A8348258314830059B9D8 /* RecipyFinal */,
				F49269B3620F008E7CCC9AF5 /* Pods */,
				697677C7BA586EC40831324E /* Frameworks */,
			);
			sourceTree = "<group>";
		};
		833A8347258314830059B9D8 /* Products */ = {
			isa = PBXGroup;
			children = (
				833A8346258314830059B9D8 /* RecipyFinal.app */,
			);
			name = Products;
			path = ..;
			sourceTree = "<group>";
		};
		833A8348258314830059B9D8 /* RecipyFinal */ = {
			isa = PBXGroup;
			children = (
				833A8349258314830059B9D8 /* AppDelegate.swift */,
				833A834B258314830059B9D8 /* SceneDelegate.swift */,
				833A8360258314C50059B9D8 /* Controllers */,
				833A835F258314BB0059B9D8 /* Model */,
				833A835E258314AB0059B9D8 /* View */,
				833A8352258314850059B9D8 /* Assets.xcassets */,
				833A836725832F0F0059B9D8 /* Fonts */,
				833A8347258314830059B9D8 /* Products */,
				833A8354258314850059B9D8 /* LaunchScreen.storyboard */,
				833A8357258314850059B9D8 /* Info.plist */,
			);
			path = RecipyFinal;
			sourceTree = "<group>";
		};
		833A835E258314AB0059B9D8 /* View */ = {
			isa = PBXGroup;
			children = (
				833A834F258314830059B9D8 /* Main.storyboard */,
			);
			path = View;
			sourceTree = "<group>";
		};
		833A835F258314BB0059B9D8 /* Model */ = {
			isa = PBXGroup;
			children = (
			);
			path = Model;
			sourceTree = "<group>";
		};
		833A8360258314C50059B9D8 /* Controllers */ = {
			isa = PBXGroup;
			children = (
				833A8362258329D30059B9D8 /* SiginUpIn */,
				833A834D258314830059B9D8 /* ViewController.swift */,
			);
			path = Controllers;
			sourceTree = "<group>";
		};
		833A8362258329D30059B9D8 /* SiginUpIn */ = {
			isa = PBXGroup;
			children = (
				833A8373258335E20059B9D8 /* LogInViewController.swift */,
				833A837B258349550059B9D8 /* SignUpViewController.swift */,
				833A836325832A940059B9D8 /* LandingViewController.swift */,
			);
			path = SiginUpIn;
			sourceTree = "<group>";
		};
		833A836725832F0F0059B9D8 /* Fonts */ = {
			isa = PBXGroup;
			children = (
				833A836825832F5A0059B9D8 /* Quicksand-Bold.ttf */,
				833A836C25832F5A0059B9D8 /* Quicksand-Light.ttf */,
				833A836925832F5A0059B9D8 /* Quicksand-Medium.ttf */,
				833A836A25832F5A0059B9D8 /* Quicksand-Regular.ttf */,
				833A836B25832F5A0059B9D8 /* Quicksand-SemiBold.ttf */,
			);
			path = Fonts;
			sourceTree = "<group>";
		};
		F49269B3620F008E7CCC9AF5 /* Pods */ = {
			isa = PBXGroup;
			children = (
				FDCB6DD6445699F00DFF4EA8 /* Pods-RecipyFinal.debug.xcconfig */,
				E07A03433F8822B75C720CBD /* Pods-RecipyFinal.release.xcconfig */,
			);
			name = Pods;
			path = Pods;
			sourceTree = "<group>";
		};
/* End PBXGroup section */

/* Begin PBXNativeTarget section */
		833A8345258314830059B9D8 /* RecipyFinal */ = {
			isa = PBXNativeTarget;
			buildConfigurationList = 833A835A258314850059B9D8 /* Build configuration list for PBXNativeTarget "RecipyFinal" */;
			buildPhases = (
				E20EC061E4D974AAD43E741C /* [CP] Check Pods Manifest.lock */,
				833A8342258314830059B9D8 /* Sources */,
				833A8343258314830059B9D8 /* Frameworks */,
				833A8344258314830059B9D8 /* Resources */,
			);
			buildRules = (
			);
			dependencies = (
			);
			name = RecipyFinal;
			productName = RecipyFinal;
			productReference = 833A8346258314830059B9D8 /* RecipyFinal.app */;
			productType = "com.apple.product-type.application";
		};
/* End PBXNativeTarget section */

/* Begin PBXProject section */
		833A833E258314830059B9D8 /* Project object */ = {
			isa = PBXProject;
			attributes = {
				LastSwiftUpdateCheck = 1220;
				LastUpgradeCheck = 1220;
				TargetAttributes = {
					833A8345258314830059B9D8 = {
						CreatedOnToolsVersion = 12.2;
					};
				};
			};
			buildConfigurationList = 833A8341258314830059B9D8 /* Build configuration list for PBXProject "RecipyFinal" */;
			compatibilityVersion = "Xcode 9.3";
			developmentRegion = en;
			hasScannedForEncodings = 0;
			knownRegions = (
				en,
				Base,
			);
			mainGroup = 833A833D258314830059B9D8;
			productRefGroup = 833A8347258314830059B9D8 /* Products */;
			projectDirPath = "";
			projectRoot = "";
			targets = (
				833A8345258314830059B9D8 /* RecipyFinal */,
			);
		};
/* End PBXProject section */

/* Begin PBXResourcesBuildPhase section */
		833A8344258314830059B9D8 /* Resources */ = {
			isa = PBXResourcesBuildPhase;
			buildActionMask = 2147483647;
			files = (
				833A8356258314850059B9D8 /* LaunchScreen.storyboard in Resources */,
				833A836F25832F5A0059B9D8 /* Quicksand-Regular.ttf in Resources */,
				833A8353258314850059B9D8 /* Assets.xcassets in Resources */,
				833A8351258314830059B9D8 /* Main.storyboard in Resources */,
				833A836D25832F5A0059B9D8 /* Quicksand-Bold.ttf in Resources */,
				833A837025832F5A0059B9D8 /* Quicksand-SemiBold.ttf in Resources */,
				833A836E25832F5A0059B9D8 /* Quicksand-Medium.ttf in Resources */,
				833A837125832F5A0059B9D8 /* Quicksand-Light.ttf in Resources */,
			);
			runOnlyForDeploymentPostprocessing = 0;
		};
/* End PBXResourcesBuildPhase section */

/* Begin PBXShellScriptBuildPhase section */
		E20EC061E4D974AAD43E741C /* [CP] Check Pods Manifest.lock */ = {
			isa = PBXShellScriptBuildPhase;
			buildActionMask = 2147483647;
			files = (
			);
			inputFileListPaths = (
			);
			inputPaths = (
				"${PODS_PODFILE_DIR_PATH}/Podfile.lock",
				"${PODS_ROOT}/Manifest.lock",
			);
			name = "[CP] Check Pods Manifest.lock";
			outputFileListPaths = (
			);
			outputPaths = (
				"$(DERIVED_FILE_DIR)/Pods-RecipyFinal-checkManifestLockResult.txt",
			);
			runOnlyForDeploymentPostprocessing = 0;
			shellPath = /bin/sh;
			shellScript = "diff \"${PODS_PODFILE_DIR_PATH}/Podfile.lock\" \"${PODS_ROOT}/Manifest.lock\" > /dev/null\nif [ $? != 0 ] ; then\n    # print error to STDERR\n    echo \"error: The sandbox is not in sync with the Podfile.lock. Run 'pod install' or update your CocoaPods installation.\" >&2\n    exit 1\nfi\n# This output is used by Xcode 'outputs' to avoid re-running this script phase.\necho \"SUCCESS\" > \"${SCRIPT_OUTPUT_FILE_0}\"\n";
			showEnvVarsInLog = 0;
		};
/* End PBXShellScriptBuildPhase section */

/* Begin PBXSourcesBuildPhase section */
		833A8342258314830059B9D8 /* Sources */ = {
			isa = PBXSourcesBuildPhase;
			buildActionMask = 2147483647;
			files = (
				833A837C258349550059B9D8 /* SignUpViewController.swift in Sources */,
				833A834E258314830059B9D8 /* ViewController.swift in Sources */,
				833A834A258314830059B9D8 /* AppDelegate.swift in Sources */,
				833A836425832A940059B9D8 /* LandingViewController.swift in Sources */,
				833A837925833CD40059B9D8 /* LogInViewController.swift in Sources */,
				833A834C258314830059B9D8 /* SceneDelegate.swift in Sources */,
			);
			runOnlyForDeploymentPostprocessing = 0;
		};
/* End PBXSourcesBuildPhase section */

/* Begin PBXVariantGroup section */
		833A834F258314830059B9D8 /* Main.storyboard */ = {
			isa = PBXVariantGroup;
			children = (
				833A8350258314830059B9D8 /* Base */,
			);
			name = Main.storyboard;
			sourceTree = "<group>";
		};
		833A8354258314850059B9D8 /* LaunchScreen.storyboard */ = {
			isa = PBXVariantGroup;
			children = (
				833A8355258314850059B9D8 /* Base */,
			);
			name = LaunchScreen.storyboard;
			sourceTree = "<group>";
		};
/* End PBXVariantGroup section */

/* Begin XCBuildConfiguration section */
		833A8358258314850059B9D8 /* Debug */ = {
			isa = XCBuildConfiguration;
			buildSettings = {
				ALWAYS_SEARCH_USER_PATHS = NO;
				CLANG_ANALYZER_NONNULL = YES;
				CLANG_ANALYZER_NUMBER_OBJECT_CONVERSION = YES_AGGRESSIVE;
				CLANG_CXX_LANGUAGE_STANDARD = "gnu++14";
				CLANG_CXX_LIBRARY = "libc++";
				CLANG_ENABLE_MODULES = YES;
				CLANG_ENABLE_OBJC_ARC = YES;
				CLANG_ENABLE_OBJC_WEAK = YES;
				CLANG_WARN_BLOCK_CAPTURE_AUTORELEASING = YES;
				CLANG_WARN_BOOL_CONVERSION = YES;
				CLANG_WARN_COMMA = YES;
				CLANG_WARN_CONSTANT_CONVERSION = YES;
				CLANG_WARN_DEPRECATED_OBJC_IMPLEMENTATIONS = YES;
				CLANG_WARN_DIRECT_OBJC_ISA_USAGE = YES_ERROR;
				CLANG_WARN_DOCUMENTATION_COMMENTS = YES;
				CLANG_WARN_EMPTY_BODY = YES;
				CLANG_WARN_ENUM_CONVERSION = YES;
				CLANG_WARN_INFINITE_RECURSION = YES;
				CLANG_WARN_INT_CONVERSION = YES;
				CLANG_WARN_NON_LITERAL_NULL_CONVERSION = YES;
				CLANG_WARN_OBJC_IMPLICIT_RETAIN_SELF = YES;
				CLANG_WARN_OBJC_LITERAL_CONVERSION = YES;
				CLANG_WARN_OBJC_ROOT_CLASS = YES_ERROR;
				CLANG_WARN_QUOTED_INCLUDE_IN_FRAMEWORK_HEADER = YES;
				CLANG_WARN_RANGE_LOOP_ANALYSIS = YES;
				CLANG_WARN_STRICT_PROTOTYPES = YES;
				CLANG_WARN_SUSPICIOUS_MOVE = YES;
				CLANG_WARN_UNGUARDED_AVAILABILITY = YES_AGGRESSIVE;
				CLANG_WARN_UNREACHABLE_CODE = YES;
				CLANG_WARN__DUPLICATE_METHOD_MATCH = YES;
				COPY_PHASE_STRIP = NO;
				DEBUG_INFORMATION_FORMAT = dwarf;
				ENABLE_STRICT_OBJC_MSGSEND = YES;
				ENABLE_TESTABILITY = YES;
				GCC_C_LANGUAGE_STANDARD = gnu11;
				GCC_DYNAMIC_NO_PIC = NO;
				GCC_NO_COMMON_BLOCKS = YES;
				GCC_OPTIMIZATION_LEVEL = 0;
				GCC_PREPROCESSOR_DEFINITIONS = (
					"DEBUG=1",
					"$(inherited)",
				);
				GCC_WARN_64_TO_32_BIT_CONVERSION = YES;
				GCC_WARN_ABOUT_RETURN_TYPE = YES_ERROR;
				GCC_WARN_UNDECLARED_SELECTOR = YES;
				GCC_WARN_UNINITIALIZED_AUTOS = YES_AGGRESSIVE;
				GCC_WARN_UNUSED_FUNCTION = YES;
				GCC_WARN_UNUSED_VARIABLE = YES;
				IPHONEOS_DEPLOYMENT_TARGET = 14.2;
				MTL_ENABLE_DEBUG_INFO = INCLUDE_SOURCE;
				MTL_FAST_MATH = YES;
				ONLY_ACTIVE_ARCH = YES;
				SDKROOT = iphoneos;
				SWIFT_ACTIVE_COMPILATION_CONDITIONS = DEBUG;
				SWIFT_OPTIMIZATION_LEVEL = "-Onone";
			};
			name = Debug;
		};
		833A8359258314850059B9D8 /* Release */ = {
			isa = XCBuildConfiguration;
			buildSettings = {
				ALWAYS_SEARCH_USER_PATHS = NO;
				CLANG_ANALYZER_NONNULL = YES;
				CLANG_ANALYZER_NUMBER_OBJECT_CONVERSION = YES_AGGRESSIVE;
				CLANG_CXX_LANGUAGE_STANDARD = "gnu++14";
				CLANG_CXX_LIBRARY = "libc++";
				CLANG_ENABLE_MODULES = YES;
				CLANG_ENABLE_OBJC_ARC = YES;
				CLANG_ENABLE_OBJC_WEAK = YES;
				CLANG_WARN_BLOCK_CAPTURE_AUTORELEASING = YES;
				CLANG_WARN_BOOL_CONVERSION = YES;
				CLANG_WARN_COMMA = YES;
				CLANG_WARN_CONSTANT_CONVERSION = YES;
				CLANG_WARN_DEPRECATED_OBJC_IMPLEMENTATIONS = YES;
				CLANG_WARN_DIRECT_OBJC_ISA_USAGE = YES_ERROR;
				CLANG_WARN_DOCUMENTATION_COMMENTS = YES;
				CLANG_WARN_EMPTY_BODY = YES;
				CLANG_WARN_ENUM_CONVERSION = YES;
				CLANG_WARN_INFINITE_RECURSION = YES;
				CLANG_WARN_INT_CONVERSION = YES;
				CLANG_WARN_NON_LITERAL_NULL_CONVERSION = YES;
				CLANG_WARN_OBJC_IMPLICIT_RETAIN_SELF = YES;
				CLANG_WARN_OBJC_LITERAL_CONVERSION = YES;
				CLANG_WARN_OBJC_ROOT_CLASS = YES_ERROR;
				CLANG_WARN_QUOTED_INCLUDE_IN_FRAMEWORK_HEADER = YES;
				CLANG_WARN_RANGE_LOOP_ANALYSIS = YES;
				CLANG_WARN_STRICT_PROTOTYPES = YES;
				CLANG_WARN_SUSPICIOUS_MOVE = YES;
				CLANG_WARN_UNGUARDED_AVAILABILITY = YES_AGGRESSIVE;
				CLANG_WARN_UNREACHABLE_CODE = YES;
				CLANG_WARN__DUPLICATE_METHOD_MATCH = YES;
				COPY_PHASE_STRIP = NO;
				DEBUG_INFORMATION_FORMAT = "dwarf-with-dsym";
				ENABLE_NS_ASSERTIONS = NO;
				ENABLE_STRICT_OBJC_MSGSEND = YES;
				GCC_C_LANGUAGE_STANDARD = gnu11;
				GCC_NO_COMMON_BLOCKS = YES;
				GCC_WARN_64_TO_32_BIT_CONVERSION = YES;
				GCC_WARN_ABOUT_RETURN_TYPE = YES_ERROR;
				GCC_WARN_UNDECLARED_SELECTOR = YES;
				GCC_WARN_UNINITIALIZED_AUTOS = YES_AGGRESSIVE;
				GCC_WARN_UNUSED_FUNCTION = YES;
				GCC_WARN_UNUSED_VARIABLE = YES;
				IPHONEOS_DEPLOYMENT_TARGET = 14.2;
				MTL_ENABLE_DEBUG_INFO = NO;
				MTL_FAST_MATH = YES;
				SDKROOT = iphoneos;
				SWIFT_COMPILATION_MODE = wholemodule;
				SWIFT_OPTIMIZATION_LEVEL = "-O";
				VALIDATE_PRODUCT = YES;
			};
			name = Release;
		};
		833A835B258314850059B9D8 /* Debug */ = {
			isa = XCBuildConfiguration;
			baseConfigurationReference = FDCB6DD6445699F00DFF4EA8 /* Pods-RecipyFinal.debug.xcconfig */;
			buildSettings = {
				ASSETCATALOG_COMPILER_APPICON_NAME = AppIcon;
				ASSETCATALOG_COMPILER_GLOBAL_ACCENT_COLOR_NAME = AccentColor;
				CODE_SIGN_STYLE = Automatic;
				DEVELOPMENT_TEAM = 3FC2WF96S2;
				INFOPLIST_FILE = RecipyFinal/Info.plist;
				LD_RUNPATH_SEARCH_PATHS = (
					"$(inherited)",
					"@executable_path/Frameworks",
				);
				PRODUCT_BUNDLE_IDENTIFIER = com.diegobustosdev.RecipyFinal;
				PRODUCT_NAME = "$(TARGET_NAME)";
				SWIFT_VERSION = 5.0;
				TARGETED_DEVICE_FAMILY = "1,2";
			};
			name = Debug;
		};
		833A835C258314850059B9D8 /* Release */ = {
			isa = XCBuildConfiguration;
			baseConfigurationReference = E07A03433F8822B75C720CBD /* Pods-RecipyFinal.release.xcconfig */;
			buildSettings = {
				ASSETCATALOG_COMPILER_APPICON_NAME = AppIcon;
				ASSETCATALOG_COMPILER_GLOBAL_ACCENT_COLOR_NAME = AccentColor;
				CODE_SIGN_STYLE = Automatic;
				DEVELOPMENT_TEAM = 3FC2WF96S2;
				INFOPLIST_FILE = RecipyFinal/Info.plist;
				LD_RUNPATH_SEARCH_PATHS = (
					"$(inherited)",
					"@executable_path/Frameworks",
				);
				PRODUCT_BUNDLE_IDENTIFIER = com.diegobustosdev.RecipyFinal;
				PRODUCT_NAME = "$(TARGET_NAME)";
				SWIFT_VERSION = 5.0;
				TARGETED_DEVICE_FAMILY = "1,2";
			};
			name = Release;
		};
/* End XCBuildConfiguration section */

/* Begin XCConfigurationList section */
		833A8341258314830059B9D8 /* Build configuration list for PBXProject "RecipyFinal" */ = {
			isa = XCConfigurationList;
			buildConfigurations = (
				833A8358258314850059B9D8 /* Debug */,
				833A8359258314850059B9D8 /* Release */,
			);
			defaultConfigurationIsVisible = 0;
			defaultConfigurationName = Release;
		};
		833A835A258314850059B9D8 /* Build configuration list for PBXNativeTarget "RecipyFinal" */ = {
			isa = XCConfigurationList;
			buildConfigurations = (
				833A835B258314850059B9D8 /* Debug */,
				833A835C258314850059B9D8 /* Release */,
			);
			defaultConfigurationIsVisible = 0;
			defaultConfigurationName = Release;
		};
/* End XCConfigurationList section */
	};
	rootObject = 833A833E258314830059B9D8 /* Project object */;
}
